# THIS IS AN AUTOGENERATED FILE. DO NOT EDIT THIS FILE DIRECTLY.
# yarn lockfile v1


"@hapi/accept@3.x.x":
  version "3.2.3"
  resolved "https://registry.yarnpkg.com/@hapi/accept/-/accept-3.2.3.tgz#6947259928ed28df2736c7daffbfc739b72adfcc"
  integrity sha512-qEzsOJkCAJZxwj3iF83bSG9Lxy8Bpbrt8mRLNdvSALT6vlU2cYh6ZEHKEZPy4h/Mo31Su3j0rJgFF91+W1RWDQ==
  dependencies:
    "@hapi/boom" "7.x.x"
    "@hapi/hoek" "8.x.x"

"@hapi/address@2.x.x":
  version "2.0.0"
  resolved "https://registry.yarnpkg.com/@hapi/address/-/address-2.0.0.tgz#9f05469c88cb2fd3dcd624776b54ee95c312126a"
  integrity sha512-mV6T0IYqb0xL1UALPFplXYQmR0twnXG0M6jUswpquqT2sD12BOiCiLy3EvMp/Fy7s3DZElC4/aPjEjo2jeZpvw==

"@hapi/ammo@3.x.x":
  version "3.1.1"
  resolved "https://registry.yarnpkg.com/@hapi/ammo/-/ammo-3.1.1.tgz#ab700dac10f0b7fc5b7168c550c6be45ec3b981b"
  integrity sha512-NYFK27VSPGyQ/KmOQedpQH4PSjE7awLntepX68vrYtRvuJO21W1kX0bK2p3C+6ltUwtCQSvmNT8a4uMVAysC6Q==
  dependencies:
    "@hapi/hoek" "8.x.x"

"@hapi/b64@4.x.x":
  version "4.2.1"
  resolved "https://registry.yarnpkg.com/@hapi/b64/-/b64-4.2.1.tgz#bf8418d7907c5e73463f2e3b5c6fca7e9f2a1357"
  integrity sha512-zqHpQuH5CBMw6hADzKfU/IGNrxq1Q+/wTYV+OiZRQN9F3tMyk+9BUMeBvFRMamduuqL8iSp62QAnJ+7ATiYLWA==
  dependencies:
    "@hapi/hoek" "8.x.x"

"@hapi/boom@7.x.x":
  version "7.4.3"
  resolved "https://registry.yarnpkg.com/@hapi/boom/-/boom-7.4.3.tgz#79ffed6ef8c625046a3bd069abed5a9d35fc50c1"
  integrity sha512-3di+R+BcGS7HKy67Zi6mIga8orf67GdR0ubDEVBG1oqz3y9B70LewsuCMCSvWWLKlI6V1+266zqhYzjMrPGvZw==
  dependencies:
    "@hapi/hoek" "8.x.x"

"@hapi/bounce@1.x.x":
  version "1.3.1"
  resolved "https://registry.yarnpkg.com/@hapi/bounce/-/bounce-1.3.1.tgz#7e0017300fa92b21bc6706590cac08f6085899e1"
  integrity sha512-/ecFQTRBom2MEbjMHvKKE6FZ/e1gYK72CeUIFzz++dKK1kYJ0KbRJ72mXroWoTT2hIv+8H0ua/eOkO0+hRdHcw==
  dependencies:
    "@hapi/boom" "7.x.x"
    "@hapi/hoek" "8.x.x"

"@hapi/bourne@1.x.x":
  version "1.3.2"
  resolved "https://registry.yarnpkg.com/@hapi/bourne/-/bourne-1.3.2.tgz#0a7095adea067243ce3283e1b56b8a8f453b242a"
  integrity sha512-1dVNHT76Uu5N3eJNTYcvxee+jzX4Z9lfciqRRHCU27ihbUcYi+iSc2iml5Ke1LXe1SyJCLA0+14Jh4tXJgOppA==

"@hapi/call@5.x.x":
  version "5.1.1"
  resolved "https://registry.yarnpkg.com/@hapi/call/-/call-5.1.1.tgz#e0d090483486099589d6a7cd1d08ca0e0e6edb99"
  integrity sha512-M6fC+9+K/ZB4hIdVQ8i0kc/6J5PWlW3PEWYKAAZpw0sk+28LiRTSF8BjOWwmiIjZWWs42AnEIiFJA0YrvcDnlw==
  dependencies:
    "@hapi/boom" "7.x.x"
    "@hapi/hoek" "8.x.x"

"@hapi/catbox-memory@4.x.x":
  version "4.1.1"
  resolved "https://registry.yarnpkg.com/@hapi/catbox-memory/-/catbox-memory-4.1.1.tgz#263a6f3361f7a200552c5772c98a8e80a1da712f"
  integrity sha512-T6Hdy8DExzG0jY7C8yYWZB4XHfc0v+p1EGkwxl2HoaPYAmW7I3E59M/IvmSVpis8RPcIoBp41ZpO2aZPBpM2Ww==
  dependencies:
    "@hapi/boom" "7.x.x"
    "@hapi/hoek" "8.x.x"

"@hapi/catbox@10.x.x":
  version "10.2.2"
  resolved "https://registry.yarnpkg.com/@hapi/catbox/-/catbox-10.2.2.tgz#e5c7da6718f5ab5f3a0beefbf352983a3b988626"
  integrity sha512-a4KejaKqDOMdwo/PIYoAaObVMmkfkG3RS85kPqNTTURjWnIV1+rrZ938f6RCz5EbrroKbuNC0bcvAt7lAD5LNg==
  dependencies:
    "@hapi/boom" "7.x.x"
    "@hapi/hoek" "8.x.x"
    "@hapi/joi" "15.x.x"
    "@hapi/podium" "3.x.x"

"@hapi/content@4.x.x":
  version "4.1.0"
  resolved "https://registry.yarnpkg.com/@hapi/content/-/content-4.1.0.tgz#5265516949ca081e85a43e97c1058ff53fc69714"
  integrity sha512-hv2Czsl49hnWDEfRZOFow/BmYbKyfEknmk3k83gOp6moFn5ceHB4xVcna8OwsGfy8dxO81lhpPy+JgQEaU4SWw==
  dependencies:
    "@hapi/boom" "7.x.x"

"@hapi/cryptiles@4.x.x":
  version "4.2.0"
  resolved "https://registry.yarnpkg.com/@hapi/cryptiles/-/cryptiles-4.2.0.tgz#d22bd5afa54f3c1a3b944a43dadfd4c5e5747f72"
  integrity sha512-P+ioMP1JGhwDOKPRuQls6sT/ln6Fk+Ks6d90mlBi6HcOu5itvdUiFv5Ynq2DvLadPDWaA43lwNxkfZrjE9s2MA==
  dependencies:
    "@hapi/boom" "7.x.x"

"@hapi/file@1.x.x":
  version "1.0.0"
  resolved "https://registry.yarnpkg.com/@hapi/file/-/file-1.0.0.tgz#c91c39fd04db8bed5af82d2e032e7a4e65555b38"
  integrity sha512-Bsfp/+1Gyf70eGtnIgmScvrH8sSypO3TcK3Zf0QdHnzn/ACnAkI6KLtGACmNRPEzzIy+W7aJX5E+1fc9GwIABQ==

"@hapi/good-console@^8.1.1":
  version "8.1.1"
  resolved "https://registry.yarnpkg.com/@hapi/good-console/-/good-console-8.1.1.tgz#19882be21ce0ba3be8cb17323fc8d347dd1426a0"
  integrity sha512-jdebTE3wzCT2Sl3hd3XMct/ZiukdUZk9K9Vt/fgsYPYmws8i+gxxfql8m4IAHOQTvHou61xSfh/697RYzUe63A==
  dependencies:
    "@hapi/hoek" "8.x.x"
    "@hapi/joi" "15.x.x"
    json-stringify-safe "5.x.x"
    moment "2.x.x"

"@hapi/good-squeeze@^5.2.1":
  version "5.2.1"
  resolved "https://registry.yarnpkg.com/@hapi/good-squeeze/-/good-squeeze-5.2.1.tgz#a7ed3f344c9602348af8f059beda663610ab8a4c"
  integrity sha512-ZBiRgEDMtI5XowD0i4jgYD3wntN2JneY5EA1lUbSk9YoVIV9rWc77+6S0oqwfG0nj4xU/FjrXHvAahNEvRc6tg==
  dependencies:
    "@hapi/hoek" "8.x.x"
    fast-safe-stringify "2.x.x"

"@hapi/good@^8.2.1":
  version "8.2.1"
  resolved "https://registry.yarnpkg.com/@hapi/good/-/good-8.2.1.tgz#53fc681c42f7ca330a832413e1673c7106464f16"
  integrity sha512-/DO3d9BMgW/6fleOjqgP381Z4DMASbKutgI+OzIiVxOjw8SCOiRKsY94X3R3e0HQOXCbFF6hoXz6IoQGpQXjfQ==
  dependencies:
    "@hapi/hoek" "8.x.x"
    "@hapi/joi" "15.x.x"
    "@hapi/oppsy" "2.x.x"
    pumpify "1.x.x"

"@hapi/hapi@^18.3.2":
  version "18.3.2"
  resolved "https://registry.yarnpkg.com/@hapi/hapi/-/hapi-18.3.2.tgz#c625cf6473e51cea54cd50163112c4aaa547169b"
  integrity sha512-UJogSyMPe4VFfzjQW5v2ixLvTLZLSfPs1XV/DRnAl2znzsGCaNJI+tgNxjM9lszOjEEkMfxLgoXZadk9exnIxw==
  dependencies:
    "@hapi/accept" "3.x.x"
    "@hapi/ammo" "3.x.x"
    "@hapi/boom" "7.x.x"
    "@hapi/bounce" "1.x.x"
    "@hapi/call" "5.x.x"
    "@hapi/catbox" "10.x.x"
    "@hapi/catbox-memory" "4.x.x"
    "@hapi/heavy" "6.x.x"
    "@hapi/hoek" "8.x.x"
    "@hapi/joi" "15.x.x"
    "@hapi/mimos" "4.x.x"
    "@hapi/podium" "3.x.x"
    "@hapi/shot" "4.x.x"
    "@hapi/somever" "2.x.x"
    "@hapi/statehood" "6.x.x"
    "@hapi/subtext" "6.x.x"
    "@hapi/teamwork" "3.x.x"
    "@hapi/topo" "3.x.x"

"@hapi/heavy@6.x.x":
  version "6.2.1"
  resolved "https://registry.yarnpkg.com/@hapi/heavy/-/heavy-6.2.1.tgz#4f10877707b6c8a6ad1e9dbb6a3d13c24b3a3a29"
  integrity sha512-uaEyC4AtGCGKt/LLBbdDQxJP1bFAbxiot6n/fwa4kyo6w8ULpXXCh8FxLlJ5mC06lqbAxQv45JyozIB6P4Dsig==
  dependencies:
    "@hapi/boom" "7.x.x"
    "@hapi/hoek" "8.x.x"
    "@hapi/joi" "15.x.x"

"@hapi/hoek@8.x.x":
  version "8.2.1"
  resolved "https://registry.yarnpkg.com/@hapi/hoek/-/hoek-8.2.1.tgz#924af04cbb22e17359c620d2a9c946e63f58eb77"
  integrity sha512-JPiBy+oSmsq3St7XlipfN5pNA6bDJ1kpa73PrK/zR29CVClDVqy04AanM/M/qx5bSF+I61DdCfAvRrujau+zRg==

"@hapi/inert@^5.2.1":
  version "5.2.1"
  resolved "https://registry.yarnpkg.com/@hapi/inert/-/inert-5.2.1.tgz#97de7e688f9bd9d681bf3dd14280d09ef2414544"
  integrity sha512-kovx94LVcT9jELc+k4xuR+1lsdmimjHKn9SpI/YAXDioO7m4YzksEBSmneH3ZwVWVnl2j66Sfzvs2IweHRxyNA==
  dependencies:
    "@hapi/ammo" "3.x.x"
    "@hapi/boom" "7.x.x"
    "@hapi/bounce" "1.x.x"
    "@hapi/hoek" "8.x.x"
    "@hapi/joi" "15.x.x"
    lru-cache "4.1.x"

"@hapi/iron@5.x.x":
  version "5.1.1"
  resolved "https://registry.yarnpkg.com/@hapi/iron/-/iron-5.1.1.tgz#0e819729f26ee76dea68e4c4e4b5c996fd0513a5"
  integrity sha512-QYfm6nofZ19pIxm8LR0lsANBabrdxqe0vUYKKI+0w9VdCetoove+dxfbLfduVDM72kh/RNOQG6E5/xyI826PcA==
  dependencies:
    "@hapi/b64" "4.x.x"
    "@hapi/boom" "7.x.x"
    "@hapi/cryptiles" "4.x.x"
    "@hapi/hoek" "8.x.x"

"@hapi/joi@15.x.x", "@hapi/joi@^15.1.1":
  version "15.1.1"
  resolved "https://registry.yarnpkg.com/@hapi/joi/-/joi-15.1.1.tgz#c675b8a71296f02833f8d6d243b34c57b8ce19d7"
  integrity sha512-entf8ZMOK8sc+8YfeOlM8pCfg3b5+WZIKBfUaaJT8UsjAAPjartzxIYm3TIbjvA4u+u++KbcXD38k682nVHDAQ==
  dependencies:
    "@hapi/address" "2.x.x"
    "@hapi/bourne" "1.x.x"
    "@hapi/hoek" "8.x.x"
    "@hapi/topo" "3.x.x"

"@hapi/mimos@4.x.x":
  version "4.1.1"
  resolved "https://registry.yarnpkg.com/@hapi/mimos/-/mimos-4.1.1.tgz#4dab8ed5c64df0603c204c725963a5faa4687e8a"
  integrity sha512-CXoi/zfcTWfKYX756eEea8rXJRIb9sR4d7VwyAH9d3BkDyNgAesZxvqIdm55npQc6S9mU3FExinMAQVlIkz0eA==
  dependencies:
    "@hapi/hoek" "8.x.x"
    mime-db "1.x.x"

"@hapi/nigel@3.x.x":
  version "3.1.1"
  resolved "https://registry.yarnpkg.com/@hapi/nigel/-/nigel-3.1.1.tgz#84794021c9ee6e48e854fea9fb76e9f7e78c99ad"
  integrity sha512-R9YWx4S8yu0gcCBrMUDCiEFm1SQT895dMlYoeNBp8I6YhF1BFF1iYPueKA2Kkp9BvyHdjmvrxCOns7GMmpl+Fw==
  dependencies:
    "@hapi/hoek" "8.x.x"
    "@hapi/vise" "3.x.x"

"@hapi/oppsy@2.x.x":
  version "2.1.2"
  resolved "https://registry.yarnpkg.com/@hapi/oppsy/-/oppsy-2.1.2.tgz#357a509694e9d26b5d21ca2361a47871101ce4e7"
  integrity sha512-V/KNuFemyA//sowFFpeMRY4zE6szuy8vh6v2vWDPDhZFowOIwB7kqdFvmnBogk+aHHR+iKgKCU/SuUiv/xZyzg==
  dependencies:
    "@hapi/hoek" "8.x.x"

"@hapi/pez@4.x.x":
  version "4.1.1"
  resolved "https://registry.yarnpkg.com/@hapi/pez/-/pez-4.1.1.tgz#d515ed75bc082cb6da3ab8d7804a3b41a4d63be6"
  integrity sha512-TUa2C7Xk6J69HWrm+Ad+O6dFvdVAG0BiFUYaRsmkdWjFIfwHBCaOI1dWT/juNukSb39Lj6/mDVyjN+H4nKB3xg==
  dependencies:
    "@hapi/b64" "4.x.x"
    "@hapi/boom" "7.x.x"
    "@hapi/content" "4.x.x"
    "@hapi/hoek" "8.x.x"
    "@hapi/nigel" "3.x.x"

"@hapi/podium@3.x.x":
  version "3.4.1"
  resolved "https://registry.yarnpkg.com/@hapi/podium/-/podium-3.4.1.tgz#05ae4cba21ddc78bd4d026c720ed05d8b4e9474e"
  integrity sha512-WbwYr5nK+GIrCdgEbN8R7Mh7z+j9AgntOLQ/YQdeLtBp+uScVmW9FoycKdNS5uweO74xwICr28Ob0DU74a2zmg==
  dependencies:
    "@hapi/hoek" "8.x.x"
    "@hapi/joi" "15.x.x"

"@hapi/shot@4.x.x":
  version "4.1.1"
  resolved "https://registry.yarnpkg.com/@hapi/shot/-/shot-4.1.1.tgz#7b5ca71f63a159a0b28a487cd293f35b04164439"
  integrity sha512-TrsqCyaq24XcdvD0bSi26hjwyQQy5q/nzpasbPNgPLoGnxW3sCWE7ws3ba6dd6Atb8TEh9QBD7mBQDCrMMz2Ig==
  dependencies:
    "@hapi/hoek" "8.x.x"
    "@hapi/joi" "15.x.x"

"@hapi/somever@2.x.x":
  version "2.1.1"
  resolved "https://registry.yarnpkg.com/@hapi/somever/-/somever-2.1.1.tgz#142bddf7cc4d829f678ed4e60618630a9a7ae845"
  integrity sha512-cic5Sto4KGd9B0oQSdKTokju+rYhCbdpzbMb0EBnrH5Oc1z048hY8PaZ1lx2vBD7I/XIfTQVQetBH57fU51XRA==
  dependencies:
    "@hapi/bounce" "1.x.x"
    "@hapi/hoek" "8.x.x"

"@hapi/statehood@6.x.x":
  version "6.1.1"
  resolved "https://registry.yarnpkg.com/@hapi/statehood/-/statehood-6.1.1.tgz#64e9787163c57201c120b2381ba1982722ad0d8a"
  integrity sha512-tMfS6B8QdrqTaKRUhHv6Ur7oPK6kcEZcnnvBK4IuaPZA9ma5UsyprTXkzbiB0V+0E56dMg3RabO1SABeZkzy6g==
  dependencies:
    "@hapi/boom" "7.x.x"
    "@hapi/bounce" "1.x.x"
    "@hapi/bourne" "1.x.x"
    "@hapi/cryptiles" "4.x.x"
    "@hapi/hoek" "8.x.x"
    "@hapi/iron" "5.x.x"
    "@hapi/joi" "15.x.x"

"@hapi/subtext@6.x.x":
  version "6.1.1"
  resolved "https://registry.yarnpkg.com/@hapi/subtext/-/subtext-6.1.1.tgz#3b63b4175a7bd06cd0d21f13912c7d81de90e6d2"
  integrity sha512-Y7NjKFRPwlzKRw5IdwRou42hR4IBQZolT+/DlvfSr/CBjGyu38n5+9LKfNKzqB/0AVEk+xynCijsx1o1UVWX8A==
  dependencies:
    "@hapi/boom" "7.x.x"
    "@hapi/bourne" "1.x.x"
    "@hapi/content" "4.x.x"
    "@hapi/file" "1.x.x"
    "@hapi/hoek" "8.x.x"
    "@hapi/pez" "4.x.x"
    "@hapi/wreck" "15.x.x"

"@hapi/teamwork@3.x.x":
  version "3.3.1"
  resolved "https://registry.yarnpkg.com/@hapi/teamwork/-/teamwork-3.3.1.tgz#b52d0ec48682dc793926bd432e22ceb19c915d3f"
  integrity sha512-61tiqWCYvMKP7fCTXy0M4VE6uNIwA0qvgFoiDubgfj7uqJ0fdHJFQNnVPGrxhLWlwz0uBPWrQlBH7r8y9vFITQ==

"@hapi/topo@3.x.x":
  version "3.1.3"
  resolved "https://registry.yarnpkg.com/@hapi/topo/-/topo-3.1.3.tgz#c7a02e0d936596d29f184e6d7fdc07e8b5efce11"
  integrity sha512-JmS9/vQK6dcUYn7wc2YZTqzIKubAQcJKu2KCKAru6es482U5RT5fP1EXCPtlXpiK7PR0On/kpQKI4fRKkzpZBQ==
  dependencies:
    "@hapi/hoek" "8.x.x"

"@hapi/vise@3.x.x":
  version "3.1.1"
  resolved "https://registry.yarnpkg.com/@hapi/vise/-/vise-3.1.1.tgz#dfc88f2ac90682f48bdc1b3f9b8f1eab4eabe0c8"
  integrity sha512-OXarbiCSadvtg+bSdVPqu31Z1JoBL+FwNYz3cYoBKQ5xq1/Cr4A3IkGpAZbAuxU5y4NL5pZFZG3d2a3ZGm/dOQ==
  dependencies:
    "@hapi/hoek" "8.x.x"

"@hapi/wreck@15.x.x", "@hapi/wreck@^15.0.2":
  version "15.0.2"
  resolved "https://registry.yarnpkg.com/@hapi/wreck/-/wreck-15.0.2.tgz#e3e1b2830237792f8f6a372caee7866a77d8718d"
  integrity sha512-D/7sGmx3XxxkaMWHZDKTMai8rIEfIgE+DnoZeKfmxhKGgvIpMu1f8BBmLADbdniccGer79w74IWWdXleNrT1Rw==
  dependencies:
    "@hapi/boom" "7.x.x"
    "@hapi/bourne" "1.x.x"
    "@hapi/hoek" "8.x.x"

"@types/hapi__boom@*":
  version "7.4.1"
  resolved "https://registry.yarnpkg.com/@types/hapi__boom/-/hapi__boom-7.4.1.tgz#06439d7637245dcbe6dd6548d2a91f2c1243d80b"
  integrity sha512-x/ZK824GomII7Yoei/nMoB46NQcSfGe0iVpZK3uUivxIAfUUSzRvu8RQO7ZkKapIgzgshHZc+GR+z/BQ8l2VLg==

"@types/hapi__catbox@*":
  version "10.2.2"
  resolved "https://registry.yarnpkg.com/@types/hapi__catbox/-/hapi__catbox-10.2.2.tgz#b13fbdd6006c8793eb80919158593bc2bf8307c4"
  integrity sha512-AWK70LgRsRWL1TNw+aT0IlS56E0pobvFdr/en0K8XazyK4Ey6T/jXhQqv/iQ6FJAAU+somMzgmt9fWq2TaaOkA==

"@types/hapi__hapi@*", "@types/hapi__hapi@^18.2.5":
  version "18.2.5"
  resolved "https://registry.yarnpkg.com/@types/hapi__hapi/-/hapi__hapi-18.2.5.tgz#37afc3db0380e89527bb850a0922f15da0bfe688"
  integrity sha512-hCAQVtE3OZCihJrn5SxQYmAkIdtE1BwAyvGkxwnPwP+IIe0MQxqbP2s0cwlAwimGOdDQ/ArH+7i6FGDKPlZhFQ==
  dependencies:
    "@types/hapi__boom" "*"
    "@types/hapi__catbox" "*"
    "@types/hapi__iron" "*"
    "@types/hapi__joi" "*"
    "@types/hapi__mimos" "*"
    "@types/hapi__podium" "*"
    "@types/hapi__shot" "*"
    "@types/node" "*"

"@types/hapi__inert@^5.2.0":
  version "5.2.0"
  resolved "https://registry.yarnpkg.com/@types/hapi__inert/-/hapi__inert-5.2.0.tgz#c6bd1a2f18c480eb19e824a483589c26450578fd"
  integrity sha512-TQ7F3iv1QOnXY23Vg7yZnFhwRqfwVhvv1j8v96tws71azghylZa4NaUnM4DbxcN0hy3CPwGhJhsbrYSTREk5xg==
  dependencies:
    "@types/hapi__hapi" "*"

"@types/hapi__iron@*":
  version "5.1.0"
  resolved "https://registry.yarnpkg.com/@types/hapi__iron/-/hapi__iron-5.1.0.tgz#35ebddae3a100c468b84fe075689522ad2f3703d"
  integrity sha512-RxYHIc8wFe8M1jMwgovskoHNVjuP1q0tUGCNnbHnhA4SBMyYg+JHIAz8yFibSwgF4gWYh5yHMpbmK5kmnG4HRA==
  dependencies:
    "@types/node" "*"

"@types/hapi__joi@*":
  version "15.0.3"
  resolved "https://registry.yarnpkg.com/@types/hapi__joi/-/hapi__joi-15.0.3.tgz#eeeca99e3829636975bf39532d6e8279409c78f2"
  integrity sha512-kncvQstpAQSjQ+J+tL2oYerjOEepv+yJHKM/JD/NmFZyDcy3rYOBcMJhdHRDjBxuSZu3ipGECszhgtmug9VSuw==
  dependencies:
    "@types/hapi__joi" "*"

"@types/hapi__mimos@*":
  version "4.1.0"
  resolved "https://registry.yarnpkg.com/@types/hapi__mimos/-/hapi__mimos-4.1.0.tgz#47dbf89ebfc05183c1de2797e9426793db9a0d85"
  integrity sha512-hcdSoYa32wcP+sEfyf85ieGwElwokcZ/mma8eyqQ4OTHeCAGwfaoiGxjG4z1Dm+RGhIYLHlW54ji5FFwahH12A==
  dependencies:
    "@types/mime-db" "*"

"@types/hapi__podium@*":
  version "3.4.0"
  resolved "https://registry.yarnpkg.com/@types/hapi__podium/-/hapi__podium-3.4.0.tgz#8efbe18c422e5306a7ee970d48448cf8ff4da37c"
  integrity sha512-LE85jLgqR5HscGQ7SaSz6FMRsKlQ1wHVbYc9u0yq7NKDRvZiQFIrr3Pl1RPzK7QNUdZP8zmJibe8q0JcafTAJQ==

"@types/hapi__shot@*":
  version "4.1.0"
  resolved "https://registry.yarnpkg.com/@types/hapi__shot/-/hapi__shot-4.1.0.tgz#c2f096bf89906e25b530869becca44d40b168b75"
  integrity sha512-vIySJYkwIGXMB5eFaZu3U8dS9CAZmteJfmkRn9bYH5uNcSvVgiwDROiwAkD7ej88qA+RZPkUK70KmeDs3LRHvw==
  dependencies:
    "@types/node" "*"

"@types/hapi__wreck@^15.0.1":
  version "15.0.1"
  resolved "https://registry.yarnpkg.com/@types/hapi__wreck/-/hapi__wreck-15.0.1.tgz#41df4e122c49316f0057cb5e9c6eb4c00e671e95"
  integrity sha512-OXhOaFWPFkWkqU5IlFwgTK/Q3yzc3iDhC1/S+3rQ6d2qkl6xvcRZaayJGjDXORf3krnGtDN1l3bIajNcuUl6QA==
  dependencies:
    "@types/hapi__boom" "*"
    "@types/node" "*"

"@types/mime-db@*":
  version "1.27.0"
  resolved "https://registry.yarnpkg.com/@types/mime-db/-/mime-db-1.27.0.tgz#9bc014a1fd1fdf47649c1a54c6dd7966b8284792"
  integrity sha1-m8AUof0f30dknBpUxt15ZrgoR5I=

"@types/node@*", "@types/node@^12.7.2":
  version "12.7.2"
  resolved "https://registry.yarnpkg.com/@types/node/-/node-12.7.2.tgz#c4e63af5e8823ce9cc3f0b34f7b998c2171f0c44"
  integrity sha512-dyYO+f6ihZEtNPDcWNR1fkoTDf3zAK3lAABDze3mz6POyIercH0lEUawUFXlG8xaQZmm1yEBON/4TsYv/laDYg==

arg@^4.1.0:
  version "4.1.1"
  resolved "https://registry.yarnpkg.com/arg/-/arg-4.1.1.tgz#485f8e7c390ce4c5f78257dbea80d4be11feda4c"
  integrity sha512-SlmP3fEA88MBv0PypnXZ8ZfJhwmDeIE3SP71j37AiXQBXYosPV0x6uISAaHYSlSVhmHOVkomen0tbGk6Anlebw==

buffer-from@^1.0.0:
  version "1.1.1"
  resolved "https://registry.yarnpkg.com/buffer-from/-/buffer-from-1.1.1.tgz#32713bc028f75c02fdb710d7c7bcec1f2c6070ef"
  integrity sha512-MQcXEUbCKtEo7bhqEs6560Hyd4XaovZlO/k9V3hjVUF/zwW7KBVdSK4gIt/bzwS9MbR5qob+F5jusZsb0YQK2A==

core-util-is@~1.0.0:
  version "1.0.2"
  resolved "https://registry.yarnpkg.com/core-util-is/-/core-util-is-1.0.2.tgz#b5fd54220aa2bc5ab57aab7140c940754503c1a7"
  integrity sha1-tf1UIgqivFq1eqtxQMlAdUUDwac=

diff@^4.0.1:
  version "4.0.1"
  resolved "https://registry.yarnpkg.com/diff/-/diff-4.0.1.tgz#0c667cb467ebbb5cea7f14f135cc2dba7780a8ff"
  integrity sha512-s2+XdvhPCOF01LRQBC8hf4vhbVmI2CGS5aZnxLJlT5FtdhPCDFq80q++zK2KlrVorVDdL5BOGZ/VfLrVtYNF+Q==

duplexify@^3.6.0:
  version "3.7.1"
  resolved "https://registry.yarnpkg.com/duplexify/-/duplexify-3.7.1.tgz#2a4df5317f6ccfd91f86d6fd25d8d8a103b88309"
  integrity sha512-07z8uv2wMyS51kKhD1KsdXJg5WQ6t93RneqRxUHnskXVtlYYkLqM0gqStQZ3pj073g687jPCHrqNfCzawLYh5g==
  dependencies:
    end-of-stream "^1.0.0"
    inherits "^2.0.1"
    readable-stream "^2.0.0"
    stream-shift "^1.0.0"

end-of-stream@^1.0.0, end-of-stream@^1.1.0:
  version "1.4.1"
  resolved "https://registry.yarnpkg.com/end-of-stream/-/end-of-stream-1.4.1.tgz#ed29634d19baba463b6ce6b80a37213eab71ec43"
  integrity sha512-1MkrZNvWTKCaigbn+W15elq2BB/L22nqrSY5DKlo3X6+vclJm8Bb5djXJBmEX6fS3+zCh/F4VBK5Z2KxJt4s2Q==
  dependencies:
    once "^1.4.0"

fast-safe-stringify@2.x.x:
  version "2.0.6"
  resolved "https://registry.yarnpkg.com/fast-safe-stringify/-/fast-safe-stringify-2.0.6.tgz#04b26106cc56681f51a044cfc0d76cf0008ac2c2"
  integrity sha512-q8BZ89jjc+mz08rSxROs8VsrBBcn1SIw1kq9NjolL509tkABRk9io01RAjSaEv1Xb2uFLt8VtRiZbGp5H8iDtg==

hard-rejection@^2.1.0:
  version "2.1.0"
  resolved "https://registry.yarnpkg.com/hard-rejection/-/hard-rejection-2.1.0.tgz#1c6eda5c1685c63942766d79bb40ae773cecd883"
  integrity sha512-VIZB+ibDhx7ObhAe7OVtoEbuP4h/MuOTHJ+J8h/eBXotJYl0fBgR72xDFCKgIh22OJZIOVNxBMWuhAr10r8HdA==

inherits@^2.0.1, inherits@^2.0.3, inherits@~2.0.3:
  version "2.0.4"
  resolved "https://registry.yarnpkg.com/inherits/-/inherits-2.0.4.tgz#0fa2c64f932917c3433a0ded55363aae37416b7c"
  integrity sha512-k/vGaX4/Yla3WzyMCvTQOXYeIHvqOKtnqBduzTHpzpQZzAskKMhZ2K+EnBiSM9zGSoIFeMpXKxa4dYeZIQqewQ==

isarray@~1.0.0:
  version "1.0.0"
  resolved "https://registry.yarnpkg.com/isarray/-/isarray-1.0.0.tgz#bb935d48582cba168c06834957a54a3e07124f11"
  integrity sha1-u5NdSFgsuhaMBoNJV6VKPgcSTxE=

json-stringify-safe@5.x.x:
  version "5.0.1"
  resolved "https://registry.yarnpkg.com/json-stringify-safe/-/json-stringify-safe-5.0.1.tgz#1296a2d58fd45f19a0f6ce01d65701e2c735b6eb"
  integrity sha1-Epai1Y/UXxmg9s4B1lcB4sc1tus=

lru-cache@4.1.x:
  version "4.1.5"
  resolved "https://registry.yarnpkg.com/lru-cache/-/lru-cache-4.1.5.tgz#8bbe50ea85bed59bc9e33dcab8235ee9bcf443cd"
  integrity sha512-sWZlbEP2OsHNkXrMl5GYk/jKk70MBng6UU4YI/qGDYbgf6YbP4EvmqISbXCoJiRKs+1bSpFHVgQxvJ17F2li5g==
  dependencies:
    pseudomap "^1.0.2"
    yallist "^2.1.2"

make-error@^1.1.1:
  version "1.3.5"
  resolved "https://registry.yarnpkg.com/make-error/-/make-error-1.3.5.tgz#efe4e81f6db28cadd605c70f29c831b58ef776c8"
  integrity sha512-c3sIjNUow0+8swNwVpqoH4YCShKNFkMaw6oH1mNS2haDZQqkeZFlHS3dhoeEbKKmJB4vXpJucU6oH75aDYeE9g==

mime-db@1.x.x:
  version "1.40.0"
  resolved "https://registry.yarnpkg.com/mime-db/-/mime-db-1.40.0.tgz#a65057e998db090f732a68f6c276d387d4126c32"
  integrity sha512-jYdeOMPy9vnxEqFRRo6ZvTZ8d9oPb+k18PKoYNYUe2stVEBPPwsln/qWzdbmaIvnhZ9v2P+CuecK+fpUfsV2mA==

moment@2.x.x:
  version "2.24.0"
  resolved "https://registry.yarnpkg.com/moment/-/moment-2.24.0.tgz#0d055d53f5052aa653c9f6eb68bb5d12bf5c2b5b"
  integrity sha512-bV7f+6l2QigeBBZSM/6yTNq4P2fNpSWj/0e7jQcy87A8e7o2nAfP/34/2ky5Vw4B9S446EtIhodAzkFCcR4dQg==

once@^1.3.1, once@^1.4.0:
  version "1.4.0"
  resolved "https://registry.yarnpkg.com/once/-/once-1.4.0.tgz#583b1aa775961d4b113ac17d9c50baef9dd76bd1"
  integrity sha1-WDsap3WWHUsROsF9nFC6753Xa9E=
  dependencies:
    wrappy "1"

prettier@^1.18.2:
  version "1.18.2"
  resolved "https://registry.yarnpkg.com/prettier/-/prettier-1.18.2.tgz#6823e7c5900017b4bd3acf46fe9ac4b4d7bda9ea"
  integrity sha512-OeHeMc0JhFE9idD4ZdtNibzY0+TPHSpSSb9h8FqtP+YnoZZ1sl8Vc9b1sasjfymH3SonAF4QcA2+mzHPhMvIiw==

process-nextick-args@~2.0.0:
  version "2.0.1"
  resolved "https://registry.yarnpkg.com/process-nextick-args/-/process-nextick-args-2.0.1.tgz#7820d9b16120cc55ca9ae7792680ae7dba6d7fe2"
  integrity sha512-3ouUOpQhtgrbOa17J7+uxOTpITYWaGP7/AhoR3+A+/1e9skrzelGi/dXzEYyvbxubEF6Wn2ypscTKiKJFFn1ag==

pseudomap@^1.0.2:
  version "1.0.2"
  resolved "https://registry.yarnpkg.com/pseudomap/-/pseudomap-1.0.2.tgz#f052a28da70e618917ef0a8ac34c1ae5a68286b3"
  integrity sha1-8FKijacOYYkX7wqKw0wa5aaChrM=

pump@^2.0.0:
  version "2.0.1"
  resolved "https://registry.yarnpkg.com/pump/-/pump-2.0.1.tgz#12399add6e4cf7526d973cbc8b5ce2e2908b3909"
  integrity sha512-ruPMNRkN3MHP1cWJc9OWr+T/xDP0jhXYCLfJcBuX54hhfIBnaQmAUMfDcG4DM5UMWByBbJY69QSphm3jtDKIkA==
  dependencies:
    end-of-stream "^1.1.0"
    once "^1.3.1"

pumpify@1.x.x:
  version "1.5.1"
  resolved "https://registry.yarnpkg.com/pumpify/-/pumpify-1.5.1.tgz#36513be246ab27570b1a374a5ce278bfd74370ce"
  integrity sha512-oClZI37HvuUJJxSKKrC17bZ9Cu0ZYhEAGPsPUy9KlMUmv9dKX2o77RUmq7f3XjIxbwyGwYzbzQ1L2Ks8sIradQ==
  dependencies:
    duplexify "^3.6.0"
    inherits "^2.0.3"
    pump "^2.0.0"

readable-stream@^2.0.0:
  version "2.3.6"
  resolved "https://registry.yarnpkg.com/readable-stream/-/readable-stream-2.3.6.tgz#b11c27d88b8ff1fbe070643cf94b0c79ae1b0aaf"
  integrity sha512-tQtKA9WIAhBF3+VLAseyMqZeBjW0AHJoxOtYqSUZNJxauErmLbVm2FW1y+J/YA9dUrAC39ITejlZWhVIwawkKw==
  dependencies:
    core-util-is "~1.0.0"
    inherits "~2.0.3"
    isarray "~1.0.0"
    process-nextick-args "~2.0.0"
    safe-buffer "~5.1.1"
    string_decoder "~1.1.1"
    util-deprecate "~1.0.1"

safe-buffer@~5.1.0, safe-buffer@~5.1.1:
  version "5.1.2"
  resolved "https://registry.yarnpkg.com/safe-buffer/-/safe-buffer-5.1.2.tgz#991ec69d296e0313747d59bdfd2b745c35f8828d"
  integrity sha512-Gd2UZBJDkXlY7GbJxfsE8/nvKkUEU1G38c1siN6QP6a9PT9MmHB8GnpscSmMJSoF8LOIrt8ud/wPtojys4G6+g==

source-map-support@^0.5.6:
  version "0.5.13"
  resolved "https://registry.yarnpkg.com/source-map-support/-/source-map-support-0.5.13.tgz#31b24a9c2e73c2de85066c0feb7d44767ed52932"
  integrity sha512-SHSKFHadjVA5oR4PPqhtAVdcBWwRYVd6g6cAXnIbRiIwc2EhPrTuKUBdSLvlEKyIP3GCf89fltvcZiP9MMFA1w==
  dependencies:
    buffer-from "^1.0.0"
    source-map "^0.6.0"

source-map@^0.6.0:
  version "0.6.1"
  resolved "https://registry.yarnpkg.com/source-map/-/source-map-0.6.1.tgz#74722af32e9614e9c287a8d0bbde48b5e2f1a263"
  integrity sha512-UjgapumWlbMhkBgzT7Ykc5YXUT46F0iKu8SGXq0bcwP5dz/h0Plj6enJqjz1Zbq2l5WaqYnrVbwWOWMyF3F47g==

stream-shift@^1.0.0:
  version "1.0.0"
  resolved "https://registry.yarnpkg.com/stream-shift/-/stream-shift-1.0.0.tgz#d5c752825e5367e786f78e18e445ea223a155952"
  integrity sha1-1cdSgl5TZ+eG944Y5EXqIjoVWVI=

string_decoder@~1.1.1:
  version "1.1.1"
  resolved "https://registry.yarnpkg.com/string_decoder/-/string_decoder-1.1.1.tgz#9cf1611ba62685d7030ae9e4ba34149c3af03fc8"
  integrity sha512-n/ShnvDi6FHbbVfviro+WojiFzv+s8MPMHBczVePfUpDJLwoLT0ht1l4YwBCbi8pJAveEEdnkHyPyTP/mzRfwg==
  dependencies:
    safe-buffer "~5.1.0"

ts-node@^8.3.0:
  version "8.3.0"
  resolved "https://registry.yarnpkg.com/ts-node/-/ts-node-8.3.0.tgz#e4059618411371924a1fb5f3b125915f324efb57"
  integrity sha512-dyNS/RqyVTDcmNM4NIBAeDMpsAdaQ+ojdf0GOLqE6nwJOgzEkdRNzJywhDfwnuvB10oa6NLVG1rUJQCpRN7qoQ==
  dependencies:
    arg "^4.1.0"
    diff "^4.0.1"
    make-error "^1.1.1"
    source-map-support "^0.5.6"
    yn "^3.0.0"

typescript@^3.5.3:
  version "3.5.3"
  resolved "https://registry.yarnpkg.com/typescript/-/typescript-3.5.3.tgz#c830f657f93f1ea846819e929092f5fe5983e977"
  integrity sha512-ACzBtm/PhXBDId6a6sDJfroT2pOWt/oOnk4/dElG5G33ZL776N3Y6/6bKZJBFpd+b05F3Ct9qDjMeJmRWtE2/g==

util-deprecate@~1.0.1:
  version "1.0.2"
  resolved "https://registry.yarnpkg.com/util-deprecate/-/util-deprecate-1.0.2.tgz#450d4dc9fa70de732762fbd2d4a28981419a0ccf"
  integrity sha1-RQ1Nyfpw3nMnYvvS1KKJgUGaDM8=

wrappy@1:
  version "1.0.2"
  resolved "https://registry.yarnpkg.com/wrappy/-/wrappy-1.0.2.tgz#b5243d8f3ec1aa35f1364605bc0d1036e30ab69f"
  integrity sha1-tSQ9jz7BqjXxNkYFvA0QNuMKtp8=

yallist@^2.1.2:
  version "2.1.2"
  resolved "https://registry.yarnpkg.com/yallist/-/yallist-2.1.2.tgz#1c11f9218f076089a47dd512f93c6699a6a81d52"
  integrity sha1-HBH5IY8HYImkfdUS+TxmmaaoHVI=

yn@^3.0.0:
  version "3.1.1"
  resolved "https://registry.yarnpkg.com/yn/-/yn-3.1.1.tgz#1e87401a09d767c1d5eab26a6e4c185182d2eb50"
  integrity sha512-Ux4ygGWsu2c7isFWe8Yu1YluJmqVhxqK2cLXNQA5AcC3QfbGNpM7fu0Y8b/z16pXLnFxZYvWhd3fhBY9DLmC6Q==
